
Microsoft Visual Studio Solution File, Format Version 12.00
# Visual Studio Version 16
VisualStudioVersion = 16.0.31205.134
MinimumVisualStudioVersion = 10.0.40219.1
Project("{2150E333-8FDC-42A3-9474-1A3956D46DE8}") = "01_Domain", "01_Domain", "{5609B12C-8112-46C4-837C-EB322BE42ADB}"
EndProject
Project("{2150E333-8FDC-42A3-9474-1A3956D46DE8}") = "02_Data", "02_Data", "{C0C6C308-3657-4667-8F59-7AC8468FD242}"
EndProject
Project("{2150E333-8FDC-42A3-9474-1A3956D46DE8}") = "03_Business", "03_Business", "{364CFD16-2FA0-44E0-8262-E8B1A70536B3}"
EndProject
Project("{2150E333-8FDC-42A3-9474-1A3956D46DE8}") = "04_Microservices", "04_Microservices", "{7439AB12-D0B1-4E4E-8FB2-623784745991}"
EndProject
Project("{2150E333-8FDC-42A3-9474-1A3956D46DE8}") = "05_Service", "05_Service", "{918BBF7E-1283-4707-8725-4CDEA376062D}"
EndProject
Project("{2150E333-8FDC-42A3-9474-1A3956D46DE8}") = "06_UI", "06_UI", "{2D2CF377-400A-4326-8D8B-72E0A017FBBE}"
EndProject
Project("{9A19103F-16F7-4668-BE54-9A1E7A4F7556}") = "CovidPortal.IdentityService", "CovidPortal.IdentityService\CovidPortal.IdentityService.csproj", "{BA44CD46-14C1-4960-9F11-200A118126E9}"
EndProject
Project("{9A19103F-16F7-4668-BE54-9A1E7A4F7556}") = "CovidPortal.UI", "CovidPortal.UI\CovidPortal.UI.csproj", "{5B263983-B906-42F5-8643-3EC1ABAADDAC}"
EndProject
Project("{9A19103F-16F7-4668-BE54-9A1E7A4F7556}") = "CovidPortal.Data", "CovidPortal.Data\CovidPortal.Data.csproj", "{E7BADD64-8995-4299-92AB-74B34C14C8EF}"
EndProject
Project("{9A19103F-16F7-4668-BE54-9A1E7A4F7556}") = "CovidPortal.Domain", "CovidPortal.Domain\CovidPortal.Domain.csproj", "{9DBD3ED2-F880-4CD0-B9C1-02D057CEFC1F}"
EndProject
Project("{9A19103F-16F7-4668-BE54-9A1E7A4F7556}") = "CovidPortal.PatientAPI", "CovidPortal.PatientAPI\CovidPortal.PatientAPI.csproj", "{88963F6B-7077-44CF-81F5-8DDE3617A082}"
EndProject
Project("{9A19103F-16F7-4668-BE54-9A1E7A4F7556}") = "CovidPortal.Business", "CovidPortal.Business\CovidPortal.Business.csproj", "{6AD9D3A1-A361-4D68-8C85-BFAB0EE091FE}"
EndProject
Project("{9A19103F-16F7-4668-BE54-9A1E7A4F7556}") = "CovidPortal.HospitalAPI", "CovidPortal.HospitalAPI\CovidPortal.HospitalAPI.csproj", "{89D10A5F-2FF0-4C5C-85F1-CB3DEFEFEE3A}"
EndProject
Project("{9A19103F-16F7-4668-BE54-9A1E7A4F7556}") = "CovidPortal.VendorAPI", "CovidPortal.VendorAPI\CovidPortal.VendorAPI.csproj", "{2A71A358-34B6-4ED2-B186-9282E596803C}"
EndProject
Project("{9092AA53-FB77-4645-B42D-1CCCA6BD08BD}") = "CovidPortal.PatientsAPI", "CovidPortal.PatientsAPI\CovidPortal.PatientsAPI.njsproj", "{628F501D-0999-46E4-9168-BBB780BB92E6}"
EndProject
Global
	GlobalSection(SolutionConfigurationPlatforms) = preSolution
		Debug|Any CPU = Debug|Any CPU
		Release|Any CPU = Release|Any CPU
	EndGlobalSection
	GlobalSection(ProjectConfigurationPlatforms) = postSolution
		{BA44CD46-14C1-4960-9F11-200A118126E9}.Debug|Any CPU.ActiveCfg = Debug|Any CPU
		{BA44CD46-14C1-4960-9F11-200A118126E9}.Debug|Any CPU.Build.0 = Debug|Any CPU
		{BA44CD46-14C1-4960-9F11-200A118126E9}.Release|Any CPU.ActiveCfg = Release|Any CPU
		{BA44CD46-14C1-4960-9F11-200A118126E9}.Release|Any CPU.Build.0 = Release|Any CPU
		{5B263983-B906-42F5-8643-3EC1ABAADDAC}.Debug|Any CPU.ActiveCfg = Debug|Any CPU
		{5B263983-B906-42F5-8643-3EC1ABAADDAC}.Debug|Any CPU.Build.0 = Debug|Any CPU
		{5B263983-B906-42F5-8643-3EC1ABAADDAC}.Release|Any CPU.ActiveCfg = Release|Any CPU
		{5B263983-B906-42F5-8643-3EC1ABAADDAC}.Release|Any CPU.Build.0 = Release|Any CPU
		{E7BADD64-8995-4299-92AB-74B34C14C8EF}.Debug|Any CPU.ActiveCfg = Debug|Any CPU
		{E7BADD64-8995-4299-92AB-74B34C14C8EF}.Debug|Any CPU.Build.0 = Debug|Any CPU
		{E7BADD64-8995-4299-92AB-74B34C14C8EF}.Release|Any CPU.ActiveCfg = Release|Any CPU
		{E7BADD64-8995-4299-92AB-74B34C14C8EF}.Release|Any CPU.Build.0 = Release|Any CPU
		{9DBD3ED2-F880-4CD0-B9C1-02D057CEFC1F}.Debug|Any CPU.ActiveCfg = Debug|Any CPU
		{9DBD3ED2-F880-4CD0-B9C1-02D057CEFC1F}.Debug|Any CPU.Build.0 = Debug|Any CPU
		{9DBD3ED2-F880-4CD0-B9C1-02D057CEFC1F}.Release|Any CPU.ActiveCfg = Release|Any CPU
		{9DBD3ED2-F880-4CD0-B9C1-02D057CEFC1F}.Release|Any CPU.Build.0 = Release|Any CPU
		{88963F6B-7077-44CF-81F5-8DDE3617A082}.Debug|Any CPU.ActiveCfg = Debug|Any CPU
		{88963F6B-7077-44CF-81F5-8DDE3617A082}.Debug|Any CPU.Build.0 = Debug|Any CPU
		{88963F6B-7077-44CF-81F5-8DDE3617A082}.Release|Any CPU.ActiveCfg = Release|Any CPU
		{88963F6B-7077-44CF-81F5-8DDE3617A082}.Release|Any CPU.Build.0 = Release|Any CPU
		{6AD9D3A1-A361-4D68-8C85-BFAB0EE091FE}.Debug|Any CPU.ActiveCfg = Debug|Any CPU
		{6AD9D3A1-A361-4D68-8C85-BFAB0EE091FE}.Debug|Any CPU.Build.0 = Debug|Any CPU
		{6AD9D3A1-A361-4D68-8C85-BFAB0EE091FE}.Release|Any CPU.ActiveCfg = Release|Any CPU
		{6AD9D3A1-A361-4D68-8C85-BFAB0EE091FE}.Release|Any CPU.Build.0 = Release|Any CPU
		{89D10A5F-2FF0-4C5C-85F1-CB3DEFEFEE3A}.Debug|Any CPU.ActiveCfg = Debug|Any CPU
		{89D10A5F-2FF0-4C5C-85F1-CB3DEFEFEE3A}.Debug|Any CPU.Build.0 = Debug|Any CPU
		{89D10A5F-2FF0-4C5C-85F1-CB3DEFEFEE3A}.Release|Any CPU.ActiveCfg = Release|Any CPU
		{89D10A5F-2FF0-4C5C-85F1-CB3DEFEFEE3A}.Release|Any CPU.Build.0 = Release|Any CPU
		{2A71A358-34B6-4ED2-B186-9282E596803C}.Debug|Any CPU.ActiveCfg = Debug|Any CPU
		{2A71A358-34B6-4ED2-B186-9282E596803C}.Debug|Any CPU.Build.0 = Debug|Any CPU
		{2A71A358-34B6-4ED2-B186-9282E596803C}.Release|Any CPU.ActiveCfg = Release|Any CPU
		{2A71A358-34B6-4ED2-B186-9282E596803C}.Release|Any CPU.Build.0 = Release|Any CPU
		{628F501D-0999-46E4-9168-BBB780BB92E6}.Debug|Any CPU.ActiveCfg = Debug|Any CPU
		{628F501D-0999-46E4-9168-BBB780BB92E6}.Debug|Any CPU.Build.0 = Debug|Any CPU
		{628F501D-0999-46E4-9168-BBB780BB92E6}.Release|Any CPU.ActiveCfg = Release|Any CPU
		{628F501D-0999-46E4-9168-BBB780BB92E6}.Release|Any CPU.Build.0 = Release|Any CPU
	EndGlobalSection
	GlobalSection(SolutionProperties) = preSolution
		HideSolutionNode = FALSE
	EndGlobalSection
	GlobalSection(NestedProjects) = preSolution
		{BA44CD46-14C1-4960-9F11-200A118126E9} = {7439AB12-D0B1-4E4E-8FB2-623784745991}
		{5B263983-B906-42F5-8643-3EC1ABAADDAC} = {2D2CF377-400A-4326-8D8B-72E0A017FBBE}
		{E7BADD64-8995-4299-92AB-74B34C14C8EF} = {C0C6C308-3657-4667-8F59-7AC8468FD242}
		{9DBD3ED2-F880-4CD0-B9C1-02D057CEFC1F} = {5609B12C-8112-46C4-837C-EB322BE42ADB}
		{88963F6B-7077-44CF-81F5-8DDE3617A082} = {7439AB12-D0B1-4E4E-8FB2-623784745991}
		{6AD9D3A1-A361-4D68-8C85-BFAB0EE091FE} = {364CFD16-2FA0-44E0-8262-E8B1A70536B3}
		{89D10A5F-2FF0-4C5C-85F1-CB3DEFEFEE3A} = {7439AB12-D0B1-4E4E-8FB2-623784745991}
		{2A71A358-34B6-4ED2-B186-9282E596803C} = {7439AB12-D0B1-4E4E-8FB2-623784745991}
		{628F501D-0999-46E4-9168-BBB780BB92E6} = {7439AB12-D0B1-4E4E-8FB2-623784745991}
	EndGlobalSection
	GlobalSection(ExtensibilityGlobals) = postSolution
		SolutionGuid = {C4784C35-4CE1-4463-96F8-A9C561229C96}
	EndGlobalSection
EndGlobal
